
Microsoft Visual Studio Solution File, Format Version 12.00
# Visual Studio 15
VisualStudioVersion = 15.0.28010.2048
MinimumVisualStudioVersion = 10.0.40219.1
Project("{9A19103F-16F7-4668-BE54-9A1E7A4F7556}") = "FypPms", "FypPms\FypPms.csproj", "{9AD37328-E309-47EC-8B8F-61F8CE578381}"
EndProject
Project("{FAE04EC0-301F-11D3-BF4B-00C04F79EFBC}") = "FypPms.Tests", "FypPms.Tests\FypPms.Tests.csproj", "{BBAA1572-245E-4C76-AEFC-ED02BBBCA45A}"
EndProject
Global
	GlobalSection(SolutionConfigurationPlatforms) = preSolution
		Debug|Any CPU = Debug|Any CPU
		Release|Any CPU = Release|Any CPU
	EndGlobalSection
	GlobalSection(ProjectConfigurationPlatforms) = postSolution
		{9AD37328-E309-47EC-8B8F-61F8CE578381}.Debug|Any CPU.ActiveCfg = Debug|Any CPU
		{9AD37328-E309-47EC-8B8F-61F8CE578381}.Debug|Any CPU.Build.0 = Debug|Any CPU
		{9AD37328-E309-47EC-8B8F-61F8CE578381}.Release|Any CPU.ActiveCfg = Release|Any CPU
		{9AD37328-E309-47EC-8B8F-61F8CE578381}.Release|Any CPU.Build.0 = Release|Any CPU
		{BBAA1572-245E-4C76-AEFC-ED02BBBCA45A}.Debug|Any CPU.ActiveCfg = Debug|Any CPU
		{BBAA1572-245E-4C76-AEFC-ED02BBBCA45A}.Debug|Any CPU.Build.0 = Debug|Any CPU
		{BBAA1572-245E-4C76-AEFC-ED02BBBCA45A}.Release|Any CPU.ActiveCfg = Release|Any CPU
		{BBAA1572-245E-4C76-AEFC-ED02BBBCA45A}.Release|Any CPU.Build.0 = Release|Any CPU
	EndGlobalSection
	GlobalSection(SolutionProperties) = preSolution
		HideSolutionNode = FALSE
	EndGlobalSection
	GlobalSection(ExtensibilityGlobals) = postSolution
		SolutionGuid = {B02D88A1-3B3C-4CED-B669-53AD078500F0}
	EndGlobalSection
EndGlobal
